{
  "object": {
    "pins": [
      {
        "package": "PathKit",
        "repositoryURL": "https://github.com/HeMet/PathKit.git",
        "state": {
          "branch": "win-support",
          "revision": "0ce2e702e07f7e0f126986d497ead86c7f31777b",
          "version": null
        }
      },
      {
        "package": "Spectre",
        "repositoryURL": "https://github.com/HeMet/Spectre.git",
        "state": {
          "branch": "win-support",
          "revision": "f0a197e17236de6bbba14c7031a80ea69d615ad5",
          "version": null
        }
      },
      {
        "package": "Stencil",
        "repositoryURL": "https://github.com/HeMet/Stencil.git",
        "state": {
          "branch": "win-support",
          "revision": "ca647104002d91735a3ea6678f90c7244ca88508",
          "version": null
        }
      }
    ]
  },
  "version": 1
}
