{
  "object": {
    "pins": [
      {
        "package": "PathKit",
        "repositoryURL": "https://github.com/HeMet/PathKit.git",
        "state": {
          "branch": "win-support",
          "revision": "976f3e59fcc4a677177d658101ae1d35e2a40fb9",
          "version": null
        }
      },
      {
        "package": "Spectre",
        "repositoryURL": "https://github.com/HeMet/Spectre.git",
        "state": {
          "branch": "win-support",
          "revision": "32d492769bd4949c5a6ecc8bdc2c96bf1d02bd10",
          "version": null
        }
      },
      {
        "package": "Stencil",
        "repositoryURL": "https://github.com/HeMet/Stencil.git",
        "state": {
          "branch": "win-support",
          "revision": "6694456349131ed5c7fa3967d9e8b413e990b0bd",
          "version": null
        }
      }
    ]
  },
  "version": 1
}
